
Microsoft Visual Studio Solution File, Format Version 12.00
# Visual Studio 15
VisualStudioVersion = 15.0.34112.143
MinimumVisualStudioVersion = 10.0.40219.1
Project("{FAE04EC0-301F-11D3-BF4B-00C04F79EFBC}") = "Warehouse_Project", "Warehouse_Project\Warehouse_Project.csproj", "{72445E6B-DD7B-4A73-92D6-33CA79BDA9A6}"
EndProject
Project("{FAE04EC0-301F-11D3-BF4B-00C04F79EFBC}") = "MES_DAL", "MES_DAL\MES_DAL.csproj", "{CEEE84A1-0347-46CC-9D98-D12011DF2D10}"
EndProject
Global
	GlobalSection(SolutionConfigurationPlatforms) = preSolution
		Debug|Any CPU = Debug|Any CPU
		Release|Any CPU = Release|Any CPU
	EndGlobalSection
	GlobalSection(ProjectConfigurationPlatforms) = postSolution
		{72445E6B-DD7B-4A73-92D6-33CA79BDA9A6}.Debug|Any CPU.ActiveCfg = Debug|Any CPU
		{72445E6B-DD7B-4A73-92D6-33CA79BDA9A6}.Debug|Any CPU.Build.0 = Debug|Any CPU
		{72445E6B-DD7B-4A73-92D6-33CA79BDA9A6}.Release|Any CPU.ActiveCfg = Release|Any CPU
		{72445E6B-DD7B-4A73-92D6-33CA79BDA9A6}.Release|Any CPU.Build.0 = Release|Any CPU
		{CEEE84A1-0347-46CC-9D98-D12011DF2D10}.Debug|Any CPU.ActiveCfg = Debug|Any CPU
		{CEEE84A1-0347-46CC-9D98-D12011DF2D10}.Debug|Any CPU.Build.0 = Debug|Any CPU
		{CEEE84A1-0347-46CC-9D98-D12011DF2D10}.Release|Any CPU.ActiveCfg = Release|Any CPU
		{CEEE84A1-0347-46CC-9D98-D12011DF2D10}.Release|Any CPU.Build.0 = Release|Any CPU
	EndGlobalSection
	GlobalSection(SolutionProperties) = preSolution
		HideSolutionNode = FALSE
	EndGlobalSection
	GlobalSection(ExtensibilityGlobals) = postSolution
		SolutionGuid = {57A8513F-9AC5-421D-A6C2-388C771374B3}
	EndGlobalSection
EndGlobal
